<?xml version="1.0" encoding="UTF-8"?>
<CodeBlocks_project_file>
	<FileVersion major="1" minor="6"/>
	<Project>
		<Option title="fault_generator"/>
		<Option makefile_is_custom="1"/>
		<Option compiler="clang"/>
		<Option virtualFolders="CMake Files\;"/>
		<Build>
			<Target title="all">
				<Option working_dir="/home/salvo/Documenti/Tesi/fault_generator"/>
				<Option type="4"/>
				<MakeCommands>
					<Build command="make -f &quot;/home/salvo/Documenti/Tesi/fault_generator/Makefile&quot;  VERBOSE=1 all"/>
					<CompileFile command="make -f &quot;/home/salvo/Documenti/Tesi/fault_generator/Makefile&quot;  VERBOSE=1 &quot;$file&quot;"/>
					<Clean command="make -f &quot;/home/salvo/Documenti/Tesi/fault_generator/Makefile&quot;  VERBOSE=1 clean"/>
					<DistClean command="make -f &quot;/home/salvo/Documenti/Tesi/fault_generator/Makefile&quot;  VERBOSE=1 clean"/>
				</MakeCommands>
			</Target>
			<Target title="fangy">
				<Option output="/home/salvo/Documenti/Tesi/fault_generator/fangy" prefix_auto="0" extension_auto="0"/>
				<Option working_dir="/home/salvo/Documenti/Tesi/fault_generator"/>
				<Option object_output="./"/>
				<Option type="1"/>
				<Option compiler="clang"/>
				<Compiler/>
				<MakeCommands>
					<Build command="make -f &quot;/home/salvo/Documenti/Tesi/fault_generator/Makefile&quot;  VERBOSE=1 fangy"/>
					<CompileFile command="make -f &quot;/home/salvo/Documenti/Tesi/fault_generator/Makefile&quot;  VERBOSE=1 &quot;$file&quot;"/>
					<Clean command="make -f &quot;/home/salvo/Documenti/Tesi/fault_generator/Makefile&quot;  VERBOSE=1 clean"/>
					<DistClean command="make -f &quot;/home/salvo/Documenti/Tesi/fault_generator/Makefile&quot;  VERBOSE=1 clean"/>
				</MakeCommands>
			</Target>
			<Target title="fangy/fast">
				<Option output="/home/salvo/Documenti/Tesi/fault_generator/fangy" prefix_auto="0" extension_auto="0"/>
				<Option working_dir="/home/salvo/Documenti/Tesi/fault_generator"/>
				<Option object_output="./"/>
				<Option type="1"/>
				<Option compiler="clang"/>
				<Compiler/>
				<MakeCommands>
					<Build command="make -f &quot;/home/salvo/Documenti/Tesi/fault_generator/Makefile&quot;  VERBOSE=1 fangy/fast"/>
					<CompileFile command="make -f &quot;/home/salvo/Documenti/Tesi/fault_generator/Makefile&quot;  VERBOSE=1 &quot;$file&quot;"/>
					<Clean command="make -f &quot;/home/salvo/Documenti/Tesi/fault_generator/Makefile&quot;  VERBOSE=1 clean"/>
					<DistClean command="make -f &quot;/home/salvo/Documenti/Tesi/fault_generator/Makefile&quot;  VERBOSE=1 clean"/>
				</MakeCommands>
			</Target>
			<Target title="edit_cache">
				<Option working_dir="/home/salvo/Documenti/Tesi/fault_generator"/>
				<Option type="4"/>
				<MakeCommands>
					<Build command="make -f &quot;/home/salvo/Documenti/Tesi/fault_generator/Makefile&quot;  VERBOSE=1 edit_cache"/>
					<CompileFile command="make -f &quot;/home/salvo/Documenti/Tesi/fault_generator/Makefile&quot;  VERBOSE=1 &quot;$file&quot;"/>
					<Clean command="make -f &quot;/home/salvo/Documenti/Tesi/fault_generator/Makefile&quot;  VERBOSE=1 clean"/>
					<DistClean command="make -f &quot;/home/salvo/Documenti/Tesi/fault_generator/Makefile&quot;  VERBOSE=1 clean"/>
				</MakeCommands>
			</Target>
			<Target title="rebuild_cache">
				<Option working_dir="/home/salvo/Documenti/Tesi/fault_generator"/>
				<Option type="4"/>
				<MakeCommands>
					<Build command="make -f &quot;/home/salvo/Documenti/Tesi/fault_generator/Makefile&quot;  VERBOSE=1 rebuild_cache"/>
					<CompileFile command="make -f &quot;/home/salvo/Documenti/Tesi/fault_generator/Makefile&quot;  VERBOSE=1 &quot;$file&quot;"/>
					<Clean command="make -f &quot;/home/salvo/Documenti/Tesi/fault_generator/Makefile&quot;  VERBOSE=1 clean"/>
					<DistClean command="make -f &quot;/home/salvo/Documenti/Tesi/fault_generator/Makefile&quot;  VERBOSE=1 clean"/>
				</MakeCommands>
			</Target>
		</Build>
		<Unit filename="/home/salvo/Documenti/Tesi/fault_generator/fangy.c">
			<Option target="fangy"/>
		</Unit>
		<Unit filename="/home/salvo/Documenti/Tesi/fault_generator/CMakeLists.txt">
			<Option virtualFolder="CMake Files\"/>
		</Unit>
	</Project>
</CodeBlocks_project_file>
